// !$*UTF8*$!
{
	archiveVersion = 1;
	classes = {
	};
	objectVersion = 56;
	objects = {

/* Begin PBXBuildFile section */
		221A8BFD28F3612A0061DCD6 /* RecipeApp.swift in Sources */ = {isa = PBXBuildFile; fileRef = 221A8BFC28F3612A0061DCD6 /* RecipeApp.swift */; };
		221A8BFF28F3612A0061DCD6 /* ContentView.swift in Sources */ = {isa = PBXBuildFile; fileRef = 221A8BFE28F3612A0061DCD6 /* ContentView.swift */; };
		221A8C0128F3612B0061DCD6 /* Assets.xcassets in Resources */ = {isa = PBXBuildFile; fileRef = 221A8C0028F3612B0061DCD6 /* Assets.xcassets */; };
		221A8C0428F3612B0061DCD6 /* Preview Assets.xcassets in Resources */ = {isa = PBXBuildFile; fileRef = 221A8C0328F3612B0061DCD6 /* Preview Assets.xcassets */; };
		221A8C0E28F361A60061DCD6 /* recipe.swift in Sources */ = {isa = PBXBuildFile; fileRef = 221A8C0D28F361A60061DCD6 /* recipe.swift */; };
		221A8C1028F363130061DCD6 /* recipeModel.swift in Sources */ = {isa = PBXBuildFile; fileRef = 221A8C0F28F363130061DCD6 /* recipeModel.swift */; };
		221A8C1328F363CD0061DCD6 /* dataService.swift in Sources */ = {isa = PBXBuildFile; fileRef = 221A8C1228F363CD0061DCD6 /* dataService.swift */; };
		221A8C1528F365240061DCD6 /* data.json in Resources */ = {isa = PBXBuildFile; fileRef = 221A8C1428F365240061DCD6 /* data.json */; };
		221A8C1728F36F600061DCD6 /* RecipeDetalView.swift in Sources */ = {isa = PBXBuildFile; fileRef = 221A8C1628F36F600061DCD6 /* RecipeDetalView.swift */; };
		221A8C1928F3A7B30061DCD6 /* RecipeTabView.swift in Sources */ = {isa = PBXBuildFile; fileRef = 221A8C1828F3A7B30061DCD6 /* RecipeTabView.swift */; };
		221A8C1B28FA068B0061DCD6 /* Featured View.swift in Sources */ = {isa = PBXBuildFile; fileRef = 221A8C1A28FA068B0061DCD6 /* Featured View.swift */; };
		221A8C1D28FA2EF00061DCD6 /* gcd.swift in Sources */ = {isa = PBXBuildFile; fileRef = 221A8C1C28FA2EF00061DCD6 /* gcd.swift */; };
/* End PBXBuildFile section */

/* Begin PBXFileReference section */
		221A8BF928F3612A0061DCD6 /* Recipe.app */ = {isa = PBXFileReference; explicitFileType = wrapper.application; includeInIndex = 0; path = Recipe.app; sourceTree = BUILT_PRODUCTS_DIR; };
		221A8BFC28F3612A0061DCD6 /* RecipeApp.swift */ = {isa = PBXFileReference; lastKnownFileType = sourcecode.swift; path = RecipeApp.swift; sourceTree = "<group>"; };
		221A8BFE28F3612A0061DCD6 /* ContentView.swift */ = {isa = PBXFileReference; lastKnownFileType = sourcecode.swift; path = ContentView.swift; sourceTree = "<group>"; };
		221A8C0028F3612B0061DCD6 /* Assets.xcassets */ = {isa = PBXFileReference; lastKnownFileType = folder.assetcatalog; path = Assets.xcassets; sourceTree = "<group>"; };
		221A8C0328F3612B0061DCD6 /* Preview Assets.xcassets */ = {isa = PBXFileReference; lastKnownFileType = folder.assetcatalog; path = "Preview Assets.xcassets"; sourceTree = "<group>"; };
		221A8C0D28F361A60061DCD6 /* recipe.swift */ = {isa = PBXFileReference; lastKnownFileType = sourcecode.swift; path = recipe.swift; sourceTree = "<group>"; };
		221A8C0F28F363130061DCD6 /* recipeModel.swift */ = {isa = PBXFileReference; lastKnownFileType = sourcecode.swift; path = recipeModel.swift; sourceTree = "<group>"; };
		221A8C1228F363CD0061DCD6 /* dataService.swift */ = {isa = PBXFileReference; lastKnownFileType = sourcecode.swift; path = dataService.swift; sourceTree = "<group>"; };
		221A8C1428F365240061DCD6 /* data.json */ = {isa = PBXFileReference; fileEncoding = 4; lastKnownFileType = text.json; path = data.json; sourceTree = "<group>"; };
		221A8C1628F36F600061DCD6 /* RecipeDetalView.swift */ = {isa = PBXFileReference; lastKnownFileType = sourcecode.swift; path = RecipeDetalView.swift; sourceTree = "<group>"; };
		221A8C1828F3A7B30061DCD6 /* RecipeTabView.swift */ = {isa = PBXFileReference; lastKnownFileType = sourcecode.swift; path = RecipeTabView.swift; sourceTree = "<group>"; };
		221A8C1A28FA068B0061DCD6 /* Featured View.swift */ = {isa = PBXFileReference; lastKnownFileType = sourcecode.swift; path = "Featured View.swift"; sourceTree = "<group>"; };
		221A8C1C28FA2EF00061DCD6 /* gcd.swift */ = {isa = PBXFileReference; lastKnownFileType = sourcecode.swift; path = gcd.swift; sourceTree = "<group>"; };
/* End PBXFileReference section */

/* Begin PBXFrameworksBuildPhase section */
		221A8BF628F3612A0061DCD6 /* Frameworks */ = {
			isa = PBXFrameworksBuildPhase;
			buildActionMask = 2147483647;
			files = (
			);
			runOnlyForDeploymentPostprocessing = 0;
		};
/* End PBXFrameworksBuildPhase section */

/* Begin PBXGroup section */
		221A8BF028F3612A0061DCD6 = {
			isa = PBXGroup;
			children = (
				221A8BFB28F3612A0061DCD6 /* Recipe */,
				221A8BFA28F3612A0061DCD6 /* Products */,
			);
			sourceTree = "<group>";
		};
		221A8BFA28F3612A0061DCD6 /* Products */ = {
			isa = PBXGroup;
			children = (
				221A8BF928F3612A0061DCD6 /* Recipe.app */,
			);
			name = Products;
			sourceTree = "<group>";
		};
		221A8BFB28F3612A0061DCD6 /* Recipe */ = {
			isa = PBXGroup;
			children = (
				221A8C1428F365240061DCD6 /* data.json */,
				221A8C0028F3612B0061DCD6 /* Assets.xcassets */,
				221A8BFC28F3612A0061DCD6 /* RecipeApp.swift */,
				221A8C0C28F361540061DCD6 /* View Models */,
				221A8C0B28F3614F0061DCD6 /* Models */,
				221A8C0A28F361440061DCD6 /* Views */,
				221A8C1128F363BA0061DCD6 /* Services */,
				221A8C0228F3612B0061DCD6 /* Preview Content */,
			);
			path = Recipe;
			sourceTree = "<group>";
		};
		221A8C0228F3612B0061DCD6 /* Preview Content */ = {
			isa = PBXGroup;
			children = (
				221A8C0328F3612B0061DCD6 /* Preview Assets.xcassets */,
			);
			path = "Preview Content";
			sourceTree = "<group>";
		};
		221A8C0A28F361440061DCD6 /* Views */ = {
			isa = PBXGroup;
			children = (
				221A8BFE28F3612A0061DCD6 /* ContentView.swift */,
				221A8C1628F36F600061DCD6 /* RecipeDetalView.swift */,
				221A8C1828F3A7B30061DCD6 /* RecipeTabView.swift */,
				221A8C1A28FA068B0061DCD6 /* Featured View.swift */,
			);
			path = Views;
			sourceTree = "<group>";
		};
		221A8C0B28F3614F0061DCD6 /* Models */ = {
			isa = PBXGroup;
			children = (
				221A8C0D28F361A60061DCD6 /* recipe.swift */,
			);
			path = Models;
			sourceTree = "<group>";
		};
		221A8C0C28F361540061DCD6 /* View Models */ = {
			isa = PBXGroup;
			children = (
				221A8C0F28F363130061DCD6 /* recipeModel.swift */,
			);
			path = "View Models";
			sourceTree = "<group>";
		};
		221A8C1128F363BA0061DCD6 /* Services */ = {
			isa = PBXGroup;
			children = (
				221A8C1228F363CD0061DCD6 /* dataService.swift */,
				221A8C1C28FA2EF00061DCD6 /* gcd.swift */,
			);
			path = Services;
			sourceTree = "<group>";
		};
/* End PBXGroup section */

/* Begin PBXNativeTarget section */
		221A8BF828F3612A0061DCD6 /* Recipe */ = {
			isa = PBXNativeTarget;
			buildConfigurationList = 221A8C0728F3612B0061DCD6 /* Build configuration list for PBXNativeTarget "Recipe" */;
			buildPhases = (
				221A8BF528F3612A0061DCD6 /* Sources */,
				221A8BF628F3612A0061DCD6 /* Frameworks */,
				221A8BF728F3612A0061DCD6 /* Resources */,
			);
			buildRules = (
			);
			dependencies = (
			);
			name = Recipe;
			productName = Recipe;
			productReference = 221A8BF928F3612A0061DCD6 /* Recipe.app */;
			productType = "com.apple.product-type.application";
		};
/* End PBXNativeTarget section */

/* Begin PBXProject section */
		221A8BF128F3612A0061DCD6 /* Project object */ = {
			isa = PBXProject;
			attributes = {
				BuildIndependentTargetsInParallel = 1;
				LastSwiftUpdateCheck = 1400;
				LastUpgradeCheck = 1400;
				TargetAttributes = {
					221A8BF828F3612A0061DCD6 = {
						CreatedOnToolsVersion = 14.0.1;
					};
				};
			};
			buildConfigurationList = 221A8BF428F3612A0061DCD6 /* Build configuration list for PBXProject "Recipe" */;
			compatibilityVersion = "Xcode 14.0";
			developmentRegion = en;
			hasScannedForEncodings = 0;
			knownRegions = (
				en,
				Base,
			);
			mainGroup = 221A8BF028F3612A0061DCD6;
			productRefGroup = 221A8BFA28F3612A0061DCD6 /* Products */;
			projectDirPath = "";
			projectRoot = "";
			targets = (
				221A8BF828F3612A0061DCD6 /* Recipe */,
			);
		};
/* End PBXProject section */

/* Begin PBXResourcesBuildPhase section */
		221A8BF728F3612A0061DCD6 /* Resources */ = {
			isa = PBXResourcesBuildPhase;
			buildActionMask = 2147483647;
			files = (
				221A8C0428F3612B0061DCD6 /* Preview Assets.xcassets in Resources */,
				221A8C1528F365240061DCD6 /* data.json in Resources */,
				221A8C0128F3612B0061DCD6 /* Assets.xcassets in Resources */,
			);
			runOnlyForDeploymentPostprocessing = 0;
		};
/* End PBXResourcesBuildPhase section */

/* Begin PBXSourcesBuildPhase section */
		221A8BF528F3612A0061DCD6 /* Sources */ = {
			isa = PBXSourcesBuildPhase;
			buildActionMask = 2147483647;
			files = (
				221A8BFF28F3612A0061DCD6 /* ContentView.swift in Sources */,
				221A8C1D28FA2EF00061DCD6 /* gcd.swift in Sources */,
				221A8C1B28FA068B0061DCD6 /* Featured View.swift in Sources */,
				221A8C1028F363130061DCD6 /* recipeModel.swift in Sources */,
				221A8C0E28F361A60061DCD6 /* recipe.swift in Sources */,
				221A8BFD28F3612A0061DCD6 /* RecipeApp.swift in Sources */,
				221A8C1328F363CD0061DCD6 /* dataService.swift in Sources */,
				221A8C1728F36F600061DCD6 /* RecipeDetalView.swift in Sources */,
				221A8C1928F3A7B30061DCD6 /* RecipeTabView.swift in Sources */,
			);
			runOnlyForDeploymentPostprocessing = 0;
		};
/* End PBXSourcesBuildPhase section */

/* Begin XCBuildConfiguration section */
		221A8C0528F3612B0061DCD6 /* Debug */ = {
			isa = XCBuildConfiguration;
			buildSettings = {
				ALWAYS_SEARCH_USER_PATHS = NO;
				CLANG_ANALYZER_NONNULL = YES;
				CLANG_ANALYZER_NUMBER_OBJECT_CONVERSION = YES_AGGRESSIVE;
				CLANG_CXX_LANGUAGE_STANDARD = "gnu++20";
				CLANG_ENABLE_MODULES = YES;
				CLANG_ENABLE_OBJC_ARC = YES;
				CLANG_ENABLE_OBJC_WEAK = YES;
				CLANG_WARN_BLOCK_CAPTURE_AUTORELEASING = YES;
				CLANG_WARN_BOOL_CONVERSION = YES;
				CLANG_WARN_COMMA = YES;
				CLANG_WARN_CONSTANT_CONVERSION = YES;
				CLANG_WARN_DEPRECATED_OBJC_IMPLEMENTATIONS = YES;
				CLANG_WARN_DIRECT_OBJC_ISA_USAGE = YES_ERROR;
				CLANG_WARN_DOCUMENTATION_COMMENTS = YES;
				CLANG_WARN_EMPTY_BODY = YES;
				CLANG_WARN_ENUM_CONVERSION = YES;
				CLANG_WARN_INFINITE_RECURSION = YES;
				CLANG_WARN_INT_CONVERSION = YES;
				CLANG_WARN_NON_LITERAL_NULL_CONVERSION = YES;
				CLANG_WARN_OBJC_IMPLICIT_RETAIN_SELF = YES;
				CLANG_WARN_OBJC_LITERAL_CONVERSION = YES;
				CLANG_WARN_OBJC_ROOT_CLASS = YES_ERROR;
				CLANG_WARN_QUOTED_INCLUDE_IN_FRAMEWORK_HEADER = YES;
				CLANG_WARN_RANGE_LOOP_ANALYSIS = YES;
				CLANG_WARN_STRICT_PROTOTYPES = YES;
				CLANG_WARN_SUSPICIOUS_MOVE = YES;
				CLANG_WARN_UNGUARDED_AVAILABILITY = YES_AGGRESSIVE;
				CLANG_WARN_UNREACHABLE_CODE = YES;
				CLANG_WARN__DUPLICATE_METHOD_MATCH = YES;
				COPY_PHASE_STRIP = NO;
				DEBUG_INFORMATION_FORMAT = dwarf;
				ENABLE_STRICT_OBJC_MSGSEND = YES;
				ENABLE_TESTABILITY = YES;
				GCC_C_LANGUAGE_STANDARD = gnu11;
				GCC_DYNAMIC_NO_PIC = NO;
				GCC_NO_COMMON_BLOCKS = YES;
				GCC_OPTIMIZATION_LEVEL = 0;
				GCC_PREPROCESSOR_DEFINITIONS = (
					"DEBUG=1",
					"$(inherited)",
				);
				GCC_WARN_64_TO_32_BIT_CONVERSION = YES;
				GCC_WARN_ABOUT_RETURN_TYPE = YES_ERROR;
				GCC_WARN_UNDECLARED_SELECTOR = YES;
				GCC_WARN_UNINITIALIZED_AUTOS = YES_AGGRESSIVE;
				GCC_WARN_UNUSED_FUNCTION = YES;
				GCC_WARN_UNUSED_VARIABLE = YES;
				IPHONEOS_DEPLOYMENT_TARGET = 16.0;
				MTL_ENABLE_DEBUG_INFO = INCLUDE_SOURCE;
				MTL_FAST_MATH = YES;
				ONLY_ACTIVE_ARCH = YES;
				SDKROOT = iphoneos;
				SWIFT_ACTIVE_COMPILATION_CONDITIONS = DEBUG;
				SWIFT_OPTIMIZATION_LEVEL = "-Onone";
			};
			name = Debug;
		};
		221A8C0628F3612B0061DCD6 /* Release */ = {
			isa = XCBuildConfiguration;
			buildSettings = {
				ALWAYS_SEARCH_USER_PATHS = NO;
				CLANG_ANALYZER_NONNULL = YES;
				CLANG_ANALYZER_NUMBER_OBJECT_CONVERSION = YES_AGGRESSIVE;
				CLANG_CXX_LANGUAGE_STANDARD = "gnu++20";
				CLANG_ENABLE_MODULES = YES;
				CLANG_ENABLE_OBJC_ARC = YES;
				CLANG_ENABLE_OBJC_WEAK = YES;
				CLANG_WARN_BLOCK_CAPTURE_AUTORELEASING = YES;
				CLANG_WARN_BOOL_CONVERSION = YES;
				CLANG_WARN_COMMA = YES;
				CLANG_WARN_CONSTANT_CONVERSION = YES;
				CLANG_WARN_DEPRECATED_OBJC_IMPLEMENTATIONS = YES;
				CLANG_WARN_DIRECT_OBJC_ISA_USAGE = YES_ERROR;
				CLANG_WARN_DOCUMENTATION_COMMENTS = YES;
				CLANG_WARN_EMPTY_BODY = YES;
				CLANG_WARN_ENUM_CONVERSION = YES;
				CLANG_WARN_INFINITE_RECURSION = YES;
				CLANG_WARN_INT_CONVERSION = YES;
				CLANG_WARN_NON_LITERAL_NULL_CONVERSION = YES;
				CLANG_WARN_OBJC_IMPLICIT_RETAIN_SELF = YES;
				CLANG_WARN_OBJC_LITERAL_CONVERSION = YES;
				CLANG_WARN_OBJC_ROOT_CLASS = YES_ERROR;
				CLANG_WARN_QUOTED_INCLUDE_IN_FRAMEWORK_HEADER = YES;
				CLANG_WARN_RANGE_LOOP_ANALYSIS = YES;
				CLANG_WARN_STRICT_PROTOTYPES = YES;
				CLANG_WARN_SUSPICIOUS_MOVE = YES;
				CLANG_WARN_UNGUARDED_AVAILABILITY = YES_AGGRESSIVE;
				CLANG_WARN_UNREACHABLE_CODE = YES;
				CLANG_WARN__DUPLICATE_METHOD_MATCH = YES;
				COPY_PHASE_STRIP = NO;
				DEBUG_INFORMATION_FORMAT = "dwarf-with-dsym";
				ENABLE_NS_ASSERTIONS = NO;
				ENABLE_STRICT_OBJC_MSGSEND = YES;
				GCC_C_LANGUAGE_STANDARD = gnu11;
				GCC_NO_COMMON_BLOCKS = YES;
				GCC_WARN_64_TO_32_BIT_CONVERSION = YES;
				GCC_WARN_ABOUT_RETURN_TYPE = YES_ERROR;
				GCC_WARN_UNDECLARED_SELECTOR = YES;
				GCC_WARN_UNINITIALIZED_AUTOS = YES_AGGRESSIVE;
				GCC_WARN_UNUSED_FUNCTION = YES;
				GCC_WARN_UNUSED_VARIABLE = YES;
				IPHONEOS_DEPLOYMENT_TARGET = 16.0;
				MTL_ENABLE_DEBUG_INFO = NO;
				MTL_FAST_MATH = YES;
				SDKROOT = iphoneos;
				SWIFT_COMPILATION_MODE = wholemodule;
				SWIFT_OPTIMIZATION_LEVEL = "-O";
				VALIDATE_PRODUCT = YES;
			};
			name = Release;
		};
		221A8C0828F3612B0061DCD6 /* Debug */ = {
			isa = XCBuildConfiguration;
			buildSettings = {
				ASSETCATALOG_COMPILER_APPICON_NAME = AppIcon;
				ASSETCATALOG_COMPILER_GLOBAL_ACCENT_COLOR_NAME = AccentColor;
				CODE_SIGN_STYLE = Automatic;
				CURRENT_PROJECT_VERSION = 1;
				DEVELOPMENT_ASSET_PATHS = "\"Recipe/Preview Content\"";
				ENABLE_PREVIEWS = YES;
				GENERATE_INFOPLIST_FILE = YES;
				INFOPLIST_KEY_UIApplicationSceneManifest_Generation = YES;
				INFOPLIST_KEY_UIApplicationSupportsIndirectInputEvents = YES;
				INFOPLIST_KEY_UILaunchScreen_Generation = YES;
				INFOPLIST_KEY_UISupportedInterfaceOrientations_iPad = "UIInterfaceOrientationPortrait UIInterfaceOrientationPortraitUpsideDown UIInterfaceOrientationLandscapeLeft UIInterfaceOrientationLandscapeRight";
				INFOPLIST_KEY_UISupportedInterfaceOrientations_iPhone = "UIInterfaceOrientationPortrait UIInterfaceOrientationLandscapeLeft UIInterfaceOrientationLandscapeRight";
				LD_RUNPATH_SEARCH_PATHS = (
					"$(inherited)",
					"@executable_path/Frameworks",
				);
				MARKETING_VERSION = 1.0;
				PRODUCT_BUNDLE_IDENTIFIER = SamCWC.Recipe;
				PRODUCT_NAME = "$(TARGET_NAME)";
				SWIFT_EMIT_LOC_STRINGS = YES;
				SWIFT_VERSION = 5.0;
				TARGETED_DEVICE_FAMILY = "1,2";
			};
			name = Debug;
		};
		221A8C0928F3612B0061DCD6 /* Release */ = {
			isa = XCBuildConfiguration;
			buildSettings = {
				ASSETCATALOG_COMPILER_APPICON_NAME = AppIcon;
				ASSETCATALOG_COMPILER_GLOBAL_ACCENT_COLOR_NAME = AccentColor;
				CODE_SIGN_STYLE = Automatic;
				CURRENT_PROJECT_VERSION = 1;
				DEVELOPMENT_ASSET_PATHS = "\"Recipe/Preview Content\"";
				ENABLE_PREVIEWS = YES;
				GENERATE_INFOPLIST_FILE = YES;
				INFOPLIST_KEY_UIApplicationSceneManifest_Generation = YES;
				INFOPLIST_KEY_UIApplicationSupportsIndirectInputEvents = YES;
				INFOPLIST_KEY_UILaunchScreen_Generation = YES;
				INFOPLIST_KEY_UISupportedInterfaceOrientations_iPad = "UIInterfaceOrientationPortrait UIInterfaceOrientationPortraitUpsideDown UIInterfaceOrientationLandscapeLeft UIInterfaceOrientationLandscapeRight";
				INFOPLIST_KEY_UISupportedInterfaceOrientations_iPhone = "UIInterfaceOrientationPortrait UIInterfaceOrientationLandscapeLeft UIInterfaceOrientationLandscapeRight";
				LD_RUNPATH_SEARCH_PATHS = (
					"$(inherited)",
					"@executable_path/Frameworks",
				);
				MARKETING_VERSION = 1.0;
				PRODUCT_BUNDLE_IDENTIFIER = SamCWC.Recipe;
				PRODUCT_NAME = "$(TARGET_NAME)";
				SWIFT_EMIT_LOC_STRINGS = YES;
				SWIFT_VERSION = 5.0;
				TARGETED_DEVICE_FAMILY = "1,2";
			};
			name = Release;
		};
/* End XCBuildConfiguration section */

/* Begin XCConfigurationList section */
		221A8BF428F3612A0061DCD6 /* Build configuration list for PBXProject "Recipe" */ = {
			isa = XCConfigurationList;
			buildConfigurations = (
				221A8C0528F3612B0061DCD6 /* Debug */,
				221A8C0628F3612B0061DCD6 /* Release */,
			);
			defaultConfigurationIsVisible = 0;
			defaultConfigurationName = Release;
		};
		221A8C0728F3612B0061DCD6 /* Build configuration list for PBXNativeTarget "Recipe" */ = {
			isa = XCConfigurationList;
			buildConfigurations = (
				221A8C0828F3612B0061DCD6 /* Debug */,
				221A8C0928F3612B0061DCD6 /* Release */,
			);
			defaultConfigurationIsVisible = 0;
			defaultConfigurationName = Release;
		};
/* End XCConfigurationList section */
	};
	rootObject = 221A8BF128F3612A0061DCD6 /* Project object */;
}
